
Microsoft Visual Studio Solution File, Format Version 12.00
# Visual Studio Version 16
VisualStudioVersion = 16.0.32126.315
MinimumVisualStudioVersion = 10.0.40219.1
Project("{FAE04EC0-301F-11D3-BF4B-00C04F79EFBC}") = "FirstMVCApp", "FirstMVCApp\FirstMVCApp.csproj", "{5531EBDC-BCB5-4E54-9509-6BE2CB288AC7}"
EndProject
Global
	GlobalSection(SolutionConfigurationPlatforms) = preSolution
		Debug|Any CPU = Debug|Any CPU
		Release|Any CPU = Release|Any CPU
	EndGlobalSection
	GlobalSection(ProjectConfigurationPlatforms) = postSolution
		{5531EBDC-BCB5-4E54-9509-6BE2CB288AC7}.Debug|Any CPU.ActiveCfg = Debug|Any CPU
		{5531EBDC-BCB5-4E54-9509-6BE2CB288AC7}.Debug|Any CPU.Build.0 = Debug|Any CPU
		{5531EBDC-BCB5-4E54-9509-6BE2CB288AC7}.Release|Any CPU.ActiveCfg = Release|Any CPU
		{5531EBDC-BCB5-4E54-9509-6BE2CB288AC7}.Release|Any CPU.Build.0 = Release|Any CPU
	EndGlobalSection
	GlobalSection(SolutionProperties) = preSolution
		HideSolutionNode = FALSE
	EndGlobalSection
	GlobalSection(ExtensibilityGlobals) = postSolution
		SolutionGuid = {7CEB2E5F-8A52-4BEC-9FB5-D995702AAC31}
	EndGlobalSection
EndGlobal
